{
  "name": "mytxtgen",
  "version": "1.0.0",
  "lockfileVersion": 1,
  "requires": true,
  "dependencies": {
    "txtgen": {
      "version": "2.2.7",
      "resolved": "https://registry.npmjs.org/txtgen/-/txtgen-2.2.7.tgz",
      "integrity": "sha512-vV65QydO0k+xbi0lB8FIpdVhtZ5rrtA6cDmxWwwDM5NIMiuEJZfurHPkXG7Q9fMIwHMNGfoePvjgtkknB8L2kQ=="
    }
  }
}
